PODS:
  - color_picker (0.0.1):
    - FlutterMacOS
  - FlutterMacOS (1.0.0)
  - screen_retriever (0.0.1):
    - FlutterMacOS
  - window_manager (0.2.0):
    - FlutterMacOS

DEPENDENCIES:
  - color_picker (from `Flutter/ephemeral/.symlinks/plugins/color_picker/macos`)
  - FlutterMacOS (from `Flutter/ephemeral`)
  - screen_retriever (from `Flutter/ephemeral/.symlinks/plugins/screen_retriever/macos`)
  - window_manager (from `Flutter/ephemeral/.symlinks/plugins/window_manager/macos`)

EXTERNAL SOURCES:
  color_picker:
    :path: Flutter/ephemeral/.symlinks/plugins/color_picker/macos
  FlutterMacOS:
    :path: Flutter/ephemeral
  screen_retriever:
    :path: Flutter/ephemeral/.symlinks/plugins/screen_retriever/macos
  window_manager:
    :path: Flutter/ephemeral/.symlinks/plugins/window_manager/macos

SPEC CHECKSUMS:
  color_picker: e533ce6391e9183e4067df6df7fd3a34250db634
  FlutterMacOS: ae6af50a8ea7d6103d888583d46bd8328a7e9811
  screen_retriever: 59634572a57080243dd1bf715e55b6c54f241a38
  window_manager: 3a1844359a6295ab1e47659b1a777e36773cd6e8

PODFILE CHECKSUM: 0d3963a09fc94f580682bd88480486da345dc3f0

COCOAPODS: 1.11.3
